
Microsoft Visual Studio Solution File, Format Version 12.00
# Visual Studio Version 16
VisualStudioVersion = 16.0.30621.155
MinimumVisualStudioVersion = 10.0.40219.1
Project("{FAE04EC0-301F-11D3-BF4B-00C04F79EFBC}") = "BulkyBook", "BulkyBook\BulkyBook.csproj", "{0D059D18-95A2-4902-868D-3608FC915233}"
EndProject
Global
	GlobalSection(SolutionConfigurationPlatforms) = preSolution
		Debug|Any CPU = Debug|Any CPU
		Release|Any CPU = Release|Any CPU
	EndGlobalSection
	GlobalSection(ProjectConfigurationPlatforms) = postSolution
		{0D059D18-95A2-4902-868D-3608FC915233}.Debug|Any CPU.ActiveCfg = Debug|Any CPU
		{0D059D18-95A2-4902-868D-3608FC915233}.Debug|Any CPU.Build.0 = Debug|Any CPU
		{0D059D18-95A2-4902-868D-3608FC915233}.Release|Any CPU.ActiveCfg = Release|Any CPU
		{0D059D18-95A2-4902-868D-3608FC915233}.Release|Any CPU.Build.0 = Release|Any CPU
	EndGlobalSection
	GlobalSection(SolutionProperties) = preSolution
		HideSolutionNode = FALSE
	EndGlobalSection
	GlobalSection(ExtensibilityGlobals) = postSolution
		SolutionGuid = {E7798687-BB25-4E3C-B179-5C6753C759FB}
	EndGlobalSection
EndGlobal
